# This file is autogenerated, do not edit; changes may be undone by the next 'dep ensure'.


[[projects]]
  branch = "master"
  name = "code.cloudfoundry.org/bytefmt"
  packages = ["."]
  revision = "f4415fafc5619dd75599a54a7c91fb3948ad58bd"

[[projects]]
  branch = "master"
  name = "code.cloudfoundry.org/cfnetworking-cli-api"
  packages = ["cfnetworking","cfnetworking/cfnetv1","cfnetworking/cfnetv1/internal","cfnetworking/networkerror","cfnetworking/wrapper"]
  revision = "d500decdb202cc7669da28f388aa0fe6627e0281"

[[projects]]
  name = "code.cloudfoundry.org/diego-ssh"
  packages = ["server","server/fakes","test_helpers","test_helpers/fake_io","test_helpers/fake_net","test_helpers/fake_ssh"]
  revision = "18cdb3586e7fca967680b3330d9c21e3f7d3e767"

[[projects]]
  branch = "master"
  name = "code.cloudfoundry.org/gofileutils"
  packages = ["fileutils"]
  revision = "4d0c80011a0f37da1711c184028bc40137cd45af"

[[projects]]
  branch = "master"
  name = "code.cloudfoundry.org/lager"
  packages = [".","lagerctx","lagertest"]
  revision = "0bfa98e49e7a976af91e918d47978f07c00b081f"

[[projects]]
  branch = "master"
  name = "code.cloudfoundry.org/ykk"
  packages = ["."]
  revision = "e4df4ce2fd4dc34b9b2e7bf09107074692cda53c"

[[projects]]
  branch = "master"
  name = "github.com/Azure/go-ansiterm"
  packages = [".","winterm"]
  revision = "d6e3b3328b783f23731bc4d058875b0371ff8109"

[[projects]]
  name = "github.com/SermoDigital/jose"
  packages = [".","crypto","jws","jwt"]
  revision = "f6df55f235c24f236d11dbcf665249a59ac2021f"
  version = "1.1"

[[projects]]
  name = "github.com/blang/semver"
  packages = ["."]
  revision = "2ee87856327ba09384cabd113bc6b5d174e9ec0f"
  version = "v3.5.1"

[[projects]]
  branch = "master"
  name = "github.com/bmizerany/pat"
  packages = ["."]
  revision = "6226ea591a40176dd3ff9cd8eff81ed6ca721a00"

[[projects]]
  branch = "master"
  name = "github.com/cloudfoundry/cli-plugin-repo"
  packages = ["web"]
  revision = "e3bb94a32f8ffc29d1040354d8f081b07dc6e489"

[[projects]]
  branch = "master"
  name = "github.com/cloudfoundry/noaa"
  packages = [".","consumer","consumer/internal","errors"]
  revision = "9d59e2b25abb53ee8907660061e12ef68bbb4503"

[[projects]]
  branch = "master"
  name = "github.com/cloudfoundry/sonde-go"
  packages = ["events"]
  revision = "c48c4f0332609a0e402af4ae31595204c9f7b363"

[[projects]]
  branch = "master"
  name = "github.com/docker/distribution"
  packages = ["digestset","reference"]
  revision = "e5b5e44386f7964a1f010a2b8b7687d073215bbb"

[[projects]]
  branch = "master"
  name = "github.com/docker/docker"
  packages = ["pkg/term/windows"]
  revision = "9de84a78d76ed2ffe386fe21466f7401cf5d2e9d"

[[projects]]
  branch = "master"
  name = "github.com/fatih/color"
  packages = ["."]
  revision = "5df930a27be2502f99b292b7cc09ebad4d0891f4"

[[projects]]
  branch = "master"
  name = "github.com/gogo/protobuf"
  packages = ["gogoproto","proto","protoc-gen-gogo/descriptor"]
  revision = "616a82ed12d78d24d4839363e8f3c5d3f20627cf"

[[projects]]
  branch = "master"
  name = "github.com/golang/protobuf"
  packages = ["proto"]
  revision = "1e59b77b52bf8e4b449a57e6f79f21226d571845"

[[projects]]
  branch = "master"
  name = "github.com/google/go-querystring"
  packages = ["query"]
  revision = "53e6ce116135b80d037921a7fdd5138cf32d7a8a"

[[projects]]
  branch = "master"
  name = "github.com/gorilla/websocket"
  packages = ["."]
  revision = "b89020ee79b89a7f932c5617d218fc06db382f53"

[[projects]]
  branch = "master"
  name = "github.com/jessevdk/go-flags"
  packages = ["."]
  revision = "5ce624ef26b9223c9085c268589891a7a4dbcfda"
  source = "github.com/XenoPhex/go-flags"

[[projects]]
  name = "github.com/kr/pty"
  packages = ["."]
  revision = "95d05c1eef33a45bd58676b6ce28d105839b8d0b"
  version = "v1.0.1"

[[projects]]
  branch = "master"
  name = "github.com/lunixbochs/vtclean"
  packages = ["."]
  revision = "d14193dfc626125c831501c1c42340b4248e1f5a"

[[projects]]
  branch = "master"
  name = "github.com/mailru/easyjson"
  packages = [".","buffer","jlexer","jwriter"]
  revision = "32fa128f234d041f196a9f3e0fea5ac9772c08e1"

[[projects]]
  branch = "master"
  name = "github.com/mattn/go-colorable"
  packages = ["."]
  revision = "6fcc0c1fd9b620311d821b106a400b35dc95c497"

[[projects]]
  name = "github.com/mattn/go-isatty"
  packages = ["."]
  revision = "0360b2af4f38e8d38c7fce2a9f4e702702d73a39"
  version = "v0.0.3"

[[projects]]
  branch = "master"
  name = "github.com/mattn/go-runewidth"
  packages = ["."]
  revision = "97311d9f7767e3d6f422ea06661bc2c7a19e8a5d"

[[projects]]
  branch = "master"
  name = "github.com/moby/moby"
  packages = ["pkg/term"]
  revision = "9de84a78d76ed2ffe386fe21466f7401cf5d2e9d"

[[projects]]
  branch = "master"
  name = "github.com/nu7hatch/gouuid"
  packages = ["."]
  revision = "179d4d0c4d8d407a32af483c2354df1d2c91e6c3"

[[projects]]
  branch = "master"
  name = "github.com/onsi/ginkgo"
  packages = [".","config","extensions/table","internal/codelocation","internal/containernode","internal/failer","internal/leafnodes","internal/remote","internal/spec","internal/spec_iterator","internal/specrunner","internal/suite","internal/testingtproxy","internal/writer","reporters","reporters/stenographer","reporters/stenographer/support/go-colorable","reporters/stenographer/support/go-isatty","types"]
  revision = "6c46eb8334b30dc55b42f1a1c725d5ce97375390"

[[projects]]
  name = "github.com/onsi/gomega"
  packages = [".","format","gbytes","gexec","ghttp","internal/assertion","internal/asyncassertion","internal/oraclematcher","internal/testingtsupport","matchers","matchers/support/goraph/bipartitegraph","matchers/support/goraph/edge","matchers/support/goraph/node","matchers/support/goraph/util","types"]
  revision = "003f63b7f4cff3fc95357005358af2de0f5fe152"
  version = "v1.3.0"

[[projects]]
  name = "github.com/opencontainers/go-digest"
  packages = ["."]
  revision = "279bed98673dd5bef374d3b6e4b09e2af76183bf"
  version = "v1.0.0-rc1"

[[projects]]
  branch = "master"
  name = "github.com/sabhiram/go-gitignore"
  packages = ["."]
  revision = "362f9845770f1606d61ba3ddf9cfb1f0780d2ffe"

[[projects]]
  branch = "master"
  name = "github.com/sajari/fuzzy"
  packages = ["."]
  revision = "243c923763cac789d1196949a834ca698dbd7a28"

[[projects]]
  name = "github.com/sirupsen/logrus"
  packages = ["."]
  revision = "f006c2ac4710855cf0f916dd6b77acf6b048dc6e"
  version = "v1.0.3"

[[projects]]
  branch = "master"
  name = "github.com/tedsuo/rata"
  packages = ["."]
  revision = "07d200713958d05692ac35aa8b5f1949342fee80"

[[projects]]
  branch = "master"
  name = "github.com/vito/go-interact"
  packages = ["interact","interact/terminal"]
  revision = "fa338ed9e9ecbb0e9c2e6c7a0160d9fc9b0efbd9"

[[projects]]
  branch = "master"
  name = "golang.org/x/crypto"
  packages = ["curve25519","ed25519","ed25519/internal/edwards25519","ssh","ssh/terminal"]
  revision = "9f005a07e0d31d45e6656d241bb5c0f2efd4bc94"

[[projects]]
  branch = "master"
  name = "golang.org/x/net"
  packages = ["html","html/atom","html/charset","websocket"]
  revision = "9dfe39835686865bff950a07b394c12a98ddc811"

[[projects]]
  branch = "master"
  name = "golang.org/x/sys"
  packages = ["unix","windows"]
  revision = "328643532ee3c60c099171d4ce2cad0ca0354ca9"

[[projects]]
  branch = "master"
  name = "golang.org/x/text"
  packages = ["encoding","encoding/charmap","encoding/htmlindex","encoding/internal","encoding/internal/identifier","encoding/japanese","encoding/korean","encoding/simplifiedchinese","encoding/traditionalchinese","encoding/unicode","internal/gen","internal/tag","internal/utf8internal","language","runes","transform","unicode/cldr"]
  revision = "88f656faf3f37f690df1a32515b479415e1a6769"

[[projects]]
  name = "gopkg.in/cheggaaa/pb.v1"
  packages = ["."]
  revision = "657164d0228d6bebe316fdf725c69f131a50fb10"
  version = "v1.0.18"

[[projects]]
  branch = "v2"
  name = "gopkg.in/yaml.v2"
  packages = ["."]
  revision = "287cf08546ab5e7e37d55a84f7ed3fd1db036de5"

[solve-meta]
  analyzer-name = "dep"
  analyzer-version = 1
  inputs-digest = "c480ed1565d51b8aa4d2e203620c3afffb5a8802ed3aacdd14cf82c50da1203b"
  solver-name = "gps-cdcl"
  solver-version = 1
